// !$*UTF8*$!
{
	archiveVersion = 1;
	classes = {
	};
	objectVersion = 46;
	objects = {

/* Begin PBXBuildFile section */
		CB517CCA1DA591FF0010A47D /* AppDelegate.swift in Sources */ = {isa = PBXBuildFile; fileRef = CB517CC91DA591FF0010A47D /* AppDelegate.swift */; };
		CB517CCC1DA591FF0010A47D /* ViewController.swift in Sources */ = {isa = PBXBuildFile; fileRef = CB517CCB1DA591FF0010A47D /* ViewController.swift */; };
		CB517CCF1DA591FF0010A47D /* Main.storyboard in Resources */ = {isa = PBXBuildFile; fileRef = CB517CCD1DA591FF0010A47D /* Main.storyboard */; };
		CB517CD11DA591FF0010A47D /* Assets.xcassets in Resources */ = {isa = PBXBuildFile; fileRef = CB517CD01DA591FF0010A47D /* Assets.xcassets */; };
		CB517CD41DA591FF0010A47D /* LaunchScreen.storyboard in Resources */ = {isa = PBXBuildFile; fileRef = CB517CD21DA591FF0010A47D /* LaunchScreen.storyboard */; };
		CBD28AA11DA5A6DC0007FC45 /* Point.swift in Sources */ = {isa = PBXBuildFile; fileRef = CBD28AA01DA5A6DC0007FC45 /* Point.swift */; };
		CBD28AA31DA5AB9B0007FC45 /* TappableView.swift in Sources */ = {isa = PBXBuildFile; fileRef = CBD28AA21DA5AB9B0007FC45 /* TappableView.swift */; };
/* End PBXBuildFile section */

/* Begin PBXFileReference section */
		CB517CC61DA591FF0010A47D /* TouchLocations.app */ = {isa = PBXFileReference; explicitFileType = wrapper.application; includeInIndex = 0; path = TouchLocations.app; sourceTree = BUILT_PRODUCTS_DIR; };
		CB517CC91DA591FF0010A47D /* AppDelegate.swift */ = {isa = PBXFileReference; lastKnownFileType = sourcecode.swift; path = AppDelegate.swift; sourceTree = "<group>"; };
		CB517CCB1DA591FF0010A47D /* ViewController.swift */ = {isa = PBXFileReference; lastKnownFileType = sourcecode.swift; path = ViewController.swift; sourceTree = "<group>"; };
		CB517CCE1DA591FF0010A47D /* Base */ = {isa = PBXFileReference; lastKnownFileType = file.storyboard; name = Base; path = Base.lproj/Main.storyboard; sourceTree = "<group>"; };
		CB517CD01DA591FF0010A47D /* Assets.xcassets */ = {isa = PBXFileReference; lastKnownFileType = folder.assetcatalog; path = Assets.xcassets; sourceTree = "<group>"; };
		CB517CD31DA591FF0010A47D /* Base */ = {isa = PBXFileReference; lastKnownFileType = file.storyboard; name = Base; path = Base.lproj/LaunchScreen.storyboard; sourceTree = "<group>"; };
		CB517CD51DA591FF0010A47D /* Info.plist */ = {isa = PBXFileReference; lastKnownFileType = text.plist.xml; path = Info.plist; sourceTree = "<group>"; };
		CBD28AA01DA5A6DC0007FC45 /* Point.swift */ = {isa = PBXFileReference; fileEncoding = 4; lastKnownFileType = sourcecode.swift; path = Point.swift; sourceTree = "<group>"; };
		CBD28AA21DA5AB9B0007FC45 /* TappableView.swift */ = {isa = PBXFileReference; fileEncoding = 4; lastKnownFileType = sourcecode.swift; path = TappableView.swift; sourceTree = "<group>"; };
/* End PBXFileReference section */

/* Begin PBXFrameworksBuildPhase section */
		CB517CC31DA591FF0010A47D /* Frameworks */ = {
			isa = PBXFrameworksBuildPhase;
			buildActionMask = 2147483647;
			files = (
			);
			runOnlyForDeploymentPostprocessing = 0;
		};
/* End PBXFrameworksBuildPhase section */

/* Begin PBXGroup section */
		CB517CBD1DA591FF0010A47D = {
			isa = PBXGroup;
			children = (
				CB517CC81DA591FF0010A47D /* TouchLocations */,
				CB517CC71DA591FF0010A47D /* Products */,
			);
			sourceTree = "<group>";
		};
		CB517CC71DA591FF0010A47D /* Products */ = {
			isa = PBXGroup;
			children = (
				CB517CC61DA591FF0010A47D /* TouchLocations.app */,
			);
			name = Products;
			sourceTree = "<group>";
		};
		CB517CC81DA591FF0010A47D /* TouchLocations */ = {
			isa = PBXGroup;
			children = (
				CB517CC91DA591FF0010A47D /* AppDelegate.swift */,
				CB517CCB1DA591FF0010A47D /* ViewController.swift */,
				CB517CCD1DA591FF0010A47D /* Main.storyboard */,
				CBD28AA21DA5AB9B0007FC45 /* TappableView.swift */,
				CB517CD01DA591FF0010A47D /* Assets.xcassets */,
				CB517CD21DA591FF0010A47D /* LaunchScreen.storyboard */,
				CB517CD51DA591FF0010A47D /* Info.plist */,
				CBD28AA01DA5A6DC0007FC45 /* Point.swift */,
			);
			path = TouchLocations;
			sourceTree = "<group>";
		};
/* End PBXGroup section */

/* Begin PBXNativeTarget section */
		CB517CC51DA591FF0010A47D /* TouchLocations */ = {
			isa = PBXNativeTarget;
			buildConfigurationList = CB517CD81DA591FF0010A47D /* Build configuration list for PBXNativeTarget "TouchLocations" */;
			buildPhases = (
				CB517CC21DA591FF0010A47D /* Sources */,
				CB517CC31DA591FF0010A47D /* Frameworks */,
				CB517CC41DA591FF0010A47D /* Resources */,
			);
			buildRules = (
			);
			dependencies = (
			);
			name = TouchLocations;
			productName = TouchLocations;
			productReference = CB517CC61DA591FF0010A47D /* TouchLocations.app */;
			productType = "com.apple.product-type.application";
		};
/* End PBXNativeTarget section */

/* Begin PBXProject section */
		CB517CBE1DA591FF0010A47D /* Project object */ = {
			isa = PBXProject;
			attributes = {
				LastSwiftUpdateCheck = 0730;
				LastUpgradeCheck = 0730;
				ORGANIZATIONNAME = "Nick Barton";
				TargetAttributes = {
					CB517CC51DA591FF0010A47D = {
						CreatedOnToolsVersion = 7.3.1;
						DevelopmentTeam = 9G8Q93AKJL;
					};
				};
			};
			buildConfigurationList = CB517CC11DA591FF0010A47D /* Build configuration list for PBXProject "TouchLocations" */;
			compatibilityVersion = "Xcode 3.2";
			developmentRegion = English;
			hasScannedForEncodings = 0;
			knownRegions = (
				en,
				Base,
			);
			mainGroup = CB517CBD1DA591FF0010A47D;
			productRefGroup = CB517CC71DA591FF0010A47D /* Products */;
			projectDirPath = "";
			projectRoot = "";
			targets = (
				CB517CC51DA591FF0010A47D /* TouchLocations */,
			);
		};
/* End PBXProject section */

/* Begin PBXResourcesBuildPhase section */
		CB517CC41DA591FF0010A47D /* Resources */ = {
			isa = PBXResourcesBuildPhase;
			buildActionMask = 2147483647;
			files = (
				CB517CD41DA591FF0010A47D /* LaunchScreen.storyboard in Resources */,
				CB517CD11DA591FF0010A47D /* Assets.xcassets in Resources */,
				CB517CCF1DA591FF0010A47D /* Main.storyboard in Resources */,
			);
			runOnlyForDeploymentPostprocessing = 0;
		};
/* End PBXResourcesBuildPhase section */

/* Begin PBXSourcesBuildPhase section */
		CB517CC21DA591FF0010A47D /* Sources */ = {
			isa = PBXSourcesBuildPhase;
			buildActionMask = 2147483647;
			files = (
				CB517CCC1DA591FF0010A47D /* ViewController.swift in Sources */,
				CBD28AA31DA5AB9B0007FC45 /* TappableView.swift in Sources */,
				CB517CCA1DA591FF0010A47D /* AppDelegate.swift in Sources */,
				CBD28AA11DA5A6DC0007FC45 /* Point.swift in Sources */,
			);
			runOnlyForDeploymentPostprocessing = 0;
		};
/* End PBXSourcesBuildPhase section */

/* Begin PBXVariantGroup section */
		CB517CCD1DA591FF0010A47D /* Main.storyboard */ = {
			isa = PBXVariantGroup;
			children = (
				CB517CCE1DA591FF0010A47D /* Base */,
			);
			name = Main.storyboard;
			sourceTree = "<group>";
		};
		CB517CD21DA591FF0010A47D /* LaunchScreen.storyboard */ = {
			isa = PBXVariantGroup;
			children = (
				CB517CD31DA591FF0010A47D /* Base */,
			);
			name = LaunchScreen.storyboard;
			sourceTree = "<group>";
		};
/* End PBXVariantGroup section */

/* Begin XCBuildConfiguration section */
		CB517CD61DA591FF0010A47D /* Debug */ = {
			isa = XCBuildConfiguration;
			buildSettings = {
				ALWAYS_SEARCH_USER_PATHS = NO;
				CLANG_ANALYZER_NONNULL = YES;
				CLANG_CXX_LANGUAGE_STANDARD = "gnu++0x";
				CLANG_CXX_LIBRARY = "libc++";
				CLANG_ENABLE_MODULES = YES;
				CLANG_ENABLE_OBJC_ARC = YES;
				CLANG_WARN_BOOL_CONVERSION = YES;
				CLANG_WARN_CONSTANT_CONVERSION = YES;
				CLANG_WARN_DIRECT_OBJC_ISA_USAGE = YES_ERROR;
				CLANG_WARN_EMPTY_BODY = YES;
				CLANG_WARN_ENUM_CONVERSION = YES;
				CLANG_WARN_INT_CONVERSION = YES;
				CLANG_WARN_OBJC_ROOT_CLASS = YES_ERROR;
				CLANG_WARN_UNREACHABLE_CODE = YES;
				CLANG_WARN__DUPLICATE_METHOD_MATCH = YES;
				"CODE_SIGN_IDENTITY[sdk=iphoneos*]" = "iPhone Developer";
				COPY_PHASE_STRIP = NO;
				DEBUG_INFORMATION_FORMAT = dwarf;
				ENABLE_STRICT_OBJC_MSGSEND = YES;
				ENABLE_TESTABILITY = YES;
				GCC_C_LANGUAGE_STANDARD = gnu99;
				GCC_DYNAMIC_NO_PIC = NO;
				GCC_NO_COMMON_BLOCKS = YES;
				GCC_OPTIMIZATION_LEVEL = 0;
				GCC_PREPROCESSOR_DEFINITIONS = (
					"DEBUG=1",
					"$(inherited)",
				);
				GCC_WARN_64_TO_32_BIT_CONVERSION = YES;
				GCC_WARN_ABOUT_RETURN_TYPE = YES_ERROR;
				GCC_WARN_UNDECLARED_SELECTOR = YES;
				GCC_WARN_UNINITIALIZED_AUTOS = YES_AGGRESSIVE;
				GCC_WARN_UNUSED_FUNCTION = YES;
				GCC_WARN_UNUSED_VARIABLE = YES;
				IPHONEOS_DEPLOYMENT_TARGET = 9.3;
				MTL_ENABLE_DEBUG_INFO = YES;
				ONLY_ACTIVE_ARCH = YES;
				SDKROOT = iphoneos;
				SWIFT_OPTIMIZATION_LEVEL = "-Onone";
			};
			name = Debug;
		};
		CB517CD71DA591FF0010A47D /* Release */ = {
			isa = XCBuildConfiguration;
			buildSettings = {
				ALWAYS_SEARCH_USER_PATHS = NO;
				CLANG_ANALYZER_NONNULL = YES;
				CLANG_CXX_LANGUAGE_STANDARD = "gnu++0x";
				CLANG_CXX_LIBRARY = "libc++";
				CLANG_ENABLE_MODULES = YES;
				CLANG_ENABLE_OBJC_ARC = YES;
				CLANG_WARN_BOOL_CONVERSION = YES;
				CLANG_WARN_CONSTANT_CONVERSION = YES;
				CLANG_WARN_DIRECT_OBJC_ISA_USAGE = YES_ERROR;
				CLANG_WARN_EMPTY_BODY = YES;
				CLANG_WARN_ENUM_CONVERSION = YES;
				CLANG_WARN_INT_CONVERSION = YES;
				CLANG_WARN_OBJC_ROOT_CLASS = YES_ERROR;
				CLANG_WARN_UNREACHABLE_CODE = YES;
				CLANG_WARN__DUPLICATE_METHOD_MATCH = YES;
				"CODE_SIGN_IDENTITY[sdk=iphoneos*]" = "iPhone Developer";
				COPY_PHASE_STRIP = NO;
				DEBUG_INFORMATION_FORMAT = "dwarf-with-dsym";
				ENABLE_NS_ASSERTIONS = NO;
				ENABLE_STRICT_OBJC_MSGSEND = YES;
				GCC_C_LANGUAGE_STANDARD = gnu99;
				GCC_NO_COMMON_BLOCKS = YES;
				GCC_WARN_64_TO_32_BIT_CONVERSION = YES;
				GCC_WARN_ABOUT_RETURN_TYPE = YES_ERROR;
				GCC_WARN_UNDECLARED_SELECTOR = YES;
				GCC_WARN_UNINITIALIZED_AUTOS = YES_AGGRESSIVE;
				GCC_WARN_UNUSED_FUNCTION = YES;
				GCC_WARN_UNUSED_VARIABLE = YES;
				IPHONEOS_DEPLOYMENT_TARGET = 9.3;
				MTL_ENABLE_DEBUG_INFO = NO;
				SDKROOT = iphoneos;
				VALIDATE_PRODUCT = YES;
			};
			name = Release;
		};
		CB517CD91DA591FF0010A47D /* Debug */ = {
			isa = XCBuildConfiguration;
			buildSettings = {
				ASSETCATALOG_COMPILER_APPICON_NAME = AppIcon;
				CODE_SIGN_IDENTITY = "iPhone Developer";
				"CODE_SIGN_IDENTITY[sdk=iphoneos*]" = "iPhone Developer";
				INFOPLIST_FILE = TouchLocations/Info.plist;
				IPHONEOS_DEPLOYMENT_TARGET = 9.0;
				LD_RUNPATH_SEARCH_PATHS = "$(inherited) @executable_path/Frameworks";
				PRODUCT_BUNDLE_IDENTIFIER = npb.TouchLocations;
				PRODUCT_NAME = "$(TARGET_NAME)";
				PROVISIONING_PROFILE = "";
			};
			name = Debug;
		};
		CB517CDA1DA591FF0010A47D /* Release */ = {
			isa = XCBuildConfiguration;
			buildSettings = {
				ASSETCATALOG_COMPILER_APPICON_NAME = AppIcon;
				CODE_SIGN_IDENTITY = "iPhone Developer";
				"CODE_SIGN_IDENTITY[sdk=iphoneos*]" = "iPhone Developer";
				INFOPLIST_FILE = TouchLocations/Info.plist;
				IPHONEOS_DEPLOYMENT_TARGET = 9.0;
				LD_RUNPATH_SEARCH_PATHS = "$(inherited) @executable_path/Frameworks";
				PRODUCT_BUNDLE_IDENTIFIER = npb.TouchLocations;
				PRODUCT_NAME = "$(TARGET_NAME)";
				PROVISIONING_PROFILE = "";
			};
			name = Release;
		};
/* End XCBuildConfiguration section */

/* Begin XCConfigurationList section */
		CB517CC11DA591FF0010A47D /* Build configuration list for PBXProject "TouchLocations" */ = {
			isa = XCConfigurationList;
			buildConfigurations = (
				CB517CD61DA591FF0010A47D /* Debug */,
				CB517CD71DA591FF0010A47D /* Release */,
			);
			defaultConfigurationIsVisible = 0;
			defaultConfigurationName = Release;
		};
		CB517CD81DA591FF0010A47D /* Build configuration list for PBXNativeTarget "TouchLocations" */ = {
			isa = XCConfigurationList;
			buildConfigurations = (
				CB517CD91DA591FF0010A47D /* Debug */,
				CB517CDA1DA591FF0010A47D /* Release */,
			);
			defaultConfigurationIsVisible = 0;
			defaultConfigurationName = Release;
		};
/* End XCConfigurationList section */
	};
	rootObject = CB517CBE1DA591FF0010A47D /* Project object */;
}
